
Microsoft Visual Studio Solution File, Format Version 12.00
# Visual Studio 2013
VisualStudioVersion = 12.0.31101.0
MinimumVisualStudioVersion = 10.0.40219.1
Project("{FAE04EC0-301F-11D3-BF4B-00C04F79EFBC}") = "WebApplication2", "WebApplication2\WebApplication2.csproj", "{83CC226F-ED1E-403C-A1C9-06B5439C10D1}"
EndProject
Project("{2150E333-8FDC-42A3-9474-1A3956D46DE8}") = "PublishScripts", "PublishScripts", "{34ED3CC4-7655-451B-95D0-508ACC741E3E}"
	ProjectSection(SolutionItems) = preProject
		PublishScripts\AzureWebsitePublishModule.psm1 = PublishScripts\AzureWebsitePublishModule.psm1
		PublishScripts\Publish-WebApplicationWebsite.ps1 = PublishScripts\Publish-WebApplicationWebsite.ps1
	EndProjectSection
EndProject
Project("{2150E333-8FDC-42A3-9474-1A3956D46DE8}") = "Configurations", "Configurations", "{6A3D806E-304A-4A57-AF67-8EB69CEBCDF6}"
	ProjectSection(SolutionItems) = preProject
		PublishScripts\Configurations\WebApplication2-WAWS-dev.json = PublishScripts\Configurations\WebApplication2-WAWS-dev.json
	EndProjectSection
EndProject
Global
	GlobalSection(SolutionConfigurationPlatforms) = preSolution
		Debug|Any CPU = Debug|Any CPU
		Release|Any CPU = Release|Any CPU
	EndGlobalSection
	GlobalSection(ProjectConfigurationPlatforms) = postSolution
		{83CC226F-ED1E-403C-A1C9-06B5439C10D1}.Debug|Any CPU.ActiveCfg = Debug|Any CPU
		{83CC226F-ED1E-403C-A1C9-06B5439C10D1}.Debug|Any CPU.Build.0 = Debug|Any CPU
		{83CC226F-ED1E-403C-A1C9-06B5439C10D1}.Release|Any CPU.ActiveCfg = Release|Any CPU
		{83CC226F-ED1E-403C-A1C9-06B5439C10D1}.Release|Any CPU.Build.0 = Release|Any CPU
	EndGlobalSection
	GlobalSection(SolutionProperties) = preSolution
		HideSolutionNode = FALSE
	EndGlobalSection
	GlobalSection(NestedProjects) = preSolution
		{6A3D806E-304A-4A57-AF67-8EB69CEBCDF6} = {34ED3CC4-7655-451B-95D0-508ACC741E3E}
	EndGlobalSection
EndGlobal
